
Microsoft Visual Studio Solution File, Format Version 12.00
# Visual Studio Version 17
VisualStudioVersion = 17.7.34018.315
MinimumVisualStudioVersion = 10.0.40219.1
Project("{FAE04EC0-301F-11D3-BF4B-00C04F79EFBC}") = "Sandbox-project", "Sandbox-project.csproj", "{D3EC60B2-C316-46A3-9713-490AFB9C21FF}"
EndProject
Global
	GlobalSection(SolutionConfigurationPlatforms) = preSolution
		Debug|Any CPU = Debug|Any CPU
		Release|Any CPU = Release|Any CPU
	EndGlobalSection
	GlobalSection(ProjectConfigurationPlatforms) = postSolution
		{D3EC60B2-C316-46A3-9713-490AFB9C21FF}.Debug|Any CPU.ActiveCfg = Debug|Any CPU
		{D3EC60B2-C316-46A3-9713-490AFB9C21FF}.Debug|Any CPU.Build.0 = Debug|Any CPU
		{D3EC60B2-C316-46A3-9713-490AFB9C21FF}.Release|Any CPU.ActiveCfg = Release|Any CPU
		{D3EC60B2-C316-46A3-9713-490AFB9C21FF}.Release|Any CPU.Build.0 = Release|Any CPU
	EndGlobalSection
	GlobalSection(SolutionProperties) = preSolution
		HideSolutionNode = FALSE
	EndGlobalSection
	GlobalSection(ExtensibilityGlobals) = postSolution
		SolutionGuid = {A464DEDD-4CCF-45FD-88ED-973F4C007242}
	EndGlobalSection
EndGlobal
